
Microsoft Visual Studio Solution File, Format Version 12.00
# Visual Studio Version 16
VisualStudioVersion = 16.0.31005.135
MinimumVisualStudioVersion = 10.0.40219.1
Project("{FAE04EC0-301F-11D3-BF4B-00C04F79EFBC}") = "Number guesser", "Number guesser\Number guesser.csproj", "{FDC5D955-5470-4A9F-99D1-C898ED9DCFAB}"
EndProject
Global
	GlobalSection(SolutionConfigurationPlatforms) = preSolution
		Debug|Any CPU = Debug|Any CPU
		Release|Any CPU = Release|Any CPU
	EndGlobalSection
	GlobalSection(ProjectConfigurationPlatforms) = postSolution
		{FDC5D955-5470-4A9F-99D1-C898ED9DCFAB}.Debug|Any CPU.ActiveCfg = Debug|Any CPU
		{FDC5D955-5470-4A9F-99D1-C898ED9DCFAB}.Debug|Any CPU.Build.0 = Debug|Any CPU
		{FDC5D955-5470-4A9F-99D1-C898ED9DCFAB}.Release|Any CPU.ActiveCfg = Release|Any CPU
		{FDC5D955-5470-4A9F-99D1-C898ED9DCFAB}.Release|Any CPU.Build.0 = Release|Any CPU
	EndGlobalSection
	GlobalSection(SolutionProperties) = preSolution
		HideSolutionNode = FALSE
	EndGlobalSection
	GlobalSection(ExtensibilityGlobals) = postSolution
		SolutionGuid = {A3ED5C45-A415-40D9-A328-5A60F3FBC6C2}
	EndGlobalSection
EndGlobal
